
Microsoft Visual Studio Solution File, Format Version 12.00
# Visual Studio Version 17
VisualStudioVersion = 17.8.34525.116
MinimumVisualStudioVersion = 10.0.40219.1
Project("{FAE04EC0-301F-11D3-BF4B-00C04F79EFBC}") = "Lista_1_ex_9", "Lista_1_ex_9\Lista_1_ex_9.csproj", "{D944DA0D-6BDC-40BF-9B1F-2C8FAA81448D}"
EndProject
Global
	GlobalSection(SolutionConfigurationPlatforms) = preSolution
		Debug|Any CPU = Debug|Any CPU
		Release|Any CPU = Release|Any CPU
	EndGlobalSection
	GlobalSection(ProjectConfigurationPlatforms) = postSolution
		{D944DA0D-6BDC-40BF-9B1F-2C8FAA81448D}.Debug|Any CPU.ActiveCfg = Debug|Any CPU
		{D944DA0D-6BDC-40BF-9B1F-2C8FAA81448D}.Debug|Any CPU.Build.0 = Debug|Any CPU
		{D944DA0D-6BDC-40BF-9B1F-2C8FAA81448D}.Release|Any CPU.ActiveCfg = Release|Any CPU
		{D944DA0D-6BDC-40BF-9B1F-2C8FAA81448D}.Release|Any CPU.Build.0 = Release|Any CPU
	EndGlobalSection
	GlobalSection(SolutionProperties) = preSolution
		HideSolutionNode = FALSE
	EndGlobalSection
	GlobalSection(ExtensibilityGlobals) = postSolution
		SolutionGuid = {C93C508F-3720-4371-9403-C511AB4B53AE}
	EndGlobalSection
EndGlobal
